
Microsoft Visual Studio Solution File, Format Version 12.00
# Visual Studio Version 16
VisualStudioVersion = 16.0.31605.320
MinimumVisualStudioVersion = 10.0.40219.1
Project("{FAE04EC0-301F-11D3-BF4B-00C04F79EFBC}") = "1", "1.csproj", "{D5CD1947-4D47-439F-B374-F2D99C3ADFCE}"
EndProject
Global
	GlobalSection(SolutionConfigurationPlatforms) = preSolution
		Debug|Any CPU = Debug|Any CPU
		Release|Any CPU = Release|Any CPU
	EndGlobalSection
	GlobalSection(ProjectConfigurationPlatforms) = postSolution
		{D5CD1947-4D47-439F-B374-F2D99C3ADFCE}.Debug|Any CPU.ActiveCfg = Debug|Any CPU
		{D5CD1947-4D47-439F-B374-F2D99C3ADFCE}.Debug|Any CPU.Build.0 = Debug|Any CPU
		{D5CD1947-4D47-439F-B374-F2D99C3ADFCE}.Release|Any CPU.ActiveCfg = Release|Any CPU
		{D5CD1947-4D47-439F-B374-F2D99C3ADFCE}.Release|Any CPU.Build.0 = Release|Any CPU
	EndGlobalSection
	GlobalSection(SolutionProperties) = preSolution
		HideSolutionNode = FALSE
	EndGlobalSection
	GlobalSection(ExtensibilityGlobals) = postSolution
		SolutionGuid = {220DC71B-5D65-4761-A269-9D3A91FBA462}
	EndGlobalSection
EndGlobal
